# This file is automatically @generated by Cargo.
# It is not intended for manual editing.
version = 3

[[package]]
name = "critical-section"
version = "1.1.2"
source = "registry+https://github.com/rust-lang/crates.io-index"
checksum = "7059fff8937831a9ae6f0fe4d658ffabf58f2ca96aa9dec1c889f936f705f216"

[[package]]
name = "embedded-alloc"
version = "0.5.1"
source = "registry+https://github.com/rust-lang/crates.io-index"
checksum = "ddae17915accbac2cfbc64ea0ae6e3b330e6ea124ba108dada63646fd3c6f815"
dependencies = [
 "critical-section",
 "linked_list_allocator",
]

[[package]]
name = "linked_list_allocator"
version = "0.10.5"
source = "registry+https://github.com/rust-lang/crates.io-index"
checksum = "9afa463f5405ee81cdb9cc2baf37e08ec7e4c8209442b5d72c04cfb2cd6e6286"

[[package]]
name = "qemu-aarch32v78r"
version = "0.1.0"
dependencies = [
 "critical-section",
 "embedded-alloc",
]
